Microsoft Visual Studio Solution File, Format Version 12.00
# Visual Studio Version 17
VisualStudioVersion = 17.5.2.0
MinimumVisualStudioVersion = 10.0.40219.1
Project("{FAE04EC0-301F-11D3-BF4B-00C04F79EFBC}") = "mywc", "mywc.csproj", "{0914E9DC-C5E3-1416-1E32-A0F846B7EC88}"
EndProject
Global
	GlobalSection(SolutionConfigurationPlatforms) = preSolution
		Debug|Any CPU = Debug|Any CPU
		Release|Any CPU = Release|Any CPU
	EndGlobalSection
	GlobalSection(ProjectConfigurationPlatforms) = postSolution
		{0914E9DC-C5E3-1416-1E32-A0F846B7EC88}.Debug|Any CPU.ActiveCfg = Debug|Any CPU
		{0914E9DC-C5E3-1416-1E32-A0F846B7EC88}.Debug|Any CPU.Build.0 = Debug|Any CPU
		{0914E9DC-C5E3-1416-1E32-A0F846B7EC88}.Release|Any CPU.ActiveCfg = Release|Any CPU
		{0914E9DC-C5E3-1416-1E32-A0F846B7EC88}.Release|Any CPU.Build.0 = Release|Any CPU
	EndGlobalSection
	GlobalSection(SolutionProperties) = preSolution
		HideSolutionNode = FALSE
	EndGlobalSection
	GlobalSection(ExtensibilityGlobals) = postSolution
		SolutionGuid = {DFE67AF9-A7C2-4305-A058-92CE58D304E2}
	EndGlobalSection
EndGlobal
